Microsoft Visual Studio Solution File, Format Version 12.00
# Visual Studio 2012
Project("{FAE04EC0-301F-11D3-BF4B-00C04F79EFBC}") = "alienz", "alienz.csproj", "{0D6EC77E-A1B4-4577-B372-2BD0F3310F67}"
EndProject
Global
	GlobalSection(SolutionConfigurationPlatforms) = preSolution
	Debug|Any CPU = Debug|Any CPU
	ExportDebug|Any CPU = ExportDebug|Any CPU
	ExportRelease|Any CPU = ExportRelease|Any CPU
	EndGlobalSection
	GlobalSection(ProjectConfigurationPlatforms) = postSolution
		{0D6EC77E-A1B4-4577-B372-2BD0F3310F67}.Debug|Any CPU.ActiveCfg = Debug|Any CPU
		{0D6EC77E-A1B4-4577-B372-2BD0F3310F67}.Debug|Any CPU.Build.0 = Debug|Any CPU
		{0D6EC77E-A1B4-4577-B372-2BD0F3310F67}.ExportDebug|Any CPU.ActiveCfg = ExportDebug|Any CPU
		{0D6EC77E-A1B4-4577-B372-2BD0F3310F67}.ExportDebug|Any CPU.Build.0 = ExportDebug|Any CPU
		{0D6EC77E-A1B4-4577-B372-2BD0F3310F67}.ExportRelease|Any CPU.ActiveCfg = ExportRelease|Any CPU
		{0D6EC77E-A1B4-4577-B372-2BD0F3310F67}.ExportRelease|Any CPU.Build.0 = ExportRelease|Any CPU
	EndGlobalSection
EndGlobal
